lockfileVersion: '9.0'

settings:
  autoInstallPeers: true
  excludeLinksFromLockfile: false

importers:

  .:
    dependencies:
      opencascade.js:
        specifier: 1.1.1
        version: 1.1.1
      three:
        specifier: ^0.124.0
        version: 0.124.0

packages:

  opencascade.js@1.1.1:
    resolution: {integrity: sha512-lw6/vOl86+CkJ8d3V01mlbGAC0A49gc1HbwGcqGeKjk5SGRLiF15jyUuA8aYEvizcPNTu4Ta4A+Ut2DJgsa7AQ==}

  three@0.124.0:
    resolution: {integrity: sha512-ROXp1Ly7YyF+jC910DQyAWj++Qlw2lQv0qwYLNQwdDbjk4bsOXAfGO92wYTMPNei1GMJUmCxSxc3MjGBTS09Rg==}

snapshots:

  opencascade.js@1.1.1: {}

  three@0.124.0: {}
